{"version":4,"terraform_version":"1.10.5","serial":2,"lineage":"71066750-5b03-dbc6-c723-c38b5269972c","outputs":{},"resources":[{"mode":"managed","type":"aws_cloudfront_distribution","name":"keone_dev","provider":"provider[\"registry.opentofu.org/hashicorp/aws\"]","instances":[{"schema_version":1,"attributes":{"aliases":[],"arn":"arn:aws:cloudfront::097723411061:distribution/E1IC8D5O980E3C","caller_reference":"terraform-20250816075222453600000001","comment":"CloudFront distribution for static site","custom_error_response":[],"default_cache_behavior":[{"allowed_methods":["GET","HEAD"],"cache_policy_id":"","cached_methods":["GET","HEAD"],"compress":false,"default_ttl":3600,"field_level_encryption_id":"","forwarded_values":[{"cookies":[{"forward":"none","whitelisted_names":[]}],"headers":[],"query_string":false,"query_string_cache_keys":[]}],"function_association":[],"lambda_function_association":[],"max_ttl":86400,"min_ttl":0,"origin_request_policy_id":"","realtime_log_config_arn":"","response_headers_policy_id":"","smooth_streaming":false,"target_origin_id":"S3-Website-Origin","trusted_key_groups":[],"trusted_signers":[],"viewer_protocol_policy":"redirect-to-https"}],"default_root_object":"index.html","domain_name":"dx9d5druar0qw.cloudfront.net","enabled":true,"etag":"E2WVWP4HOKBWTL","hosted_zone_id":"Z2FDTNDATAQYW2","http_version":"http2","id":"E1IC8D5O980E3C","in_progress_validation_batches":0,"is_ipv6_enabled":true,"last_modified_time":"2025-08-16 07:52:22.994 +0000 UTC","logging_config":[],"ordered_cache_behavior":[],"origin":[{"connection_attempts":3,"connection_timeout":10,"custom_header":[],"custom_origin_config":[{"http_port":80,"https_port":443,"origin_keepalive_timeout":5,"origin_protocol_policy":"http-only","origin_read_timeout":30,"origin_ssl_protocols":["TLSv1.2"]}],"domain_name":"keone-dev-1zaab0wzecqr4cub.s3-website.eu-west-2.amazonaws.com","origin_access_control_id":"","origin_id":"S3-Website-Origin","origin_path":"","origin_shield":[],"s3_origin_config":[]}],"origin_group":[],"price_class":"PriceClass_All","restrictions":[{"geo_restriction":[{"locations":[],"restriction_type":"none"}]}],"retain_on_delete":false,"status":"Deployed","tags":{},"tags_all":{},"trusted_key_groups":[{"enabled":false,"items":[]}],"trusted_signers":[{"enabled":false,"items":[]}],"viewer_certificate":[{"acm_certificate_arn":"","cloudfront_default_certificate":true,"iam_certificate_id":"","minimum_protocol_version":"TLSv1","ssl_support_method":""}],"wait_for_deployment":true,"web_acl_id":""},"sensitive_attributes":[],"private":"eyJzY2hlbWFfdmVyc2lvbiI6IjEifQ==","dependencies":["aws_s3_bucket.keone_dev_bucket","aws_s3_bucket_website_configuration.keone_dev_website"]}]},{"mode":"managed","type":"aws_s3_bucket","name":"keone_dev_bucket","provider":"provider[\"registry.opentofu.org/hashicorp/aws\"]","instances":[{"schema_version":0,"attributes":{"acceleration_status":"","acl":null,"arn":"arn:aws:s3:::keone-dev-1zaab0wzecqr4cub","bucket":"keone-dev-1zaab0wzecqr4cub","bucket_domain_name":"keone-dev-1zaab0wzecqr4cub.s3.amazonaws.com","bucket_prefix":"","bucket_regional_domain_name":"keone-dev-1zaab0wzecqr4cub.s3.eu-west-2.amazonaws.com","cors_rule":[],"force_destroy":false,"grant":[{"id":"4ec366d45ab991813632308341000481007fa81629fc9273c014450bd5611c71","permissions":["FULL_CONTROL"],"type":"CanonicalUser","uri":""}],"hosted_zone_id":"Z3GKZC51ZF0DB4","id":"keone-dev-1zaab0wzecqr4cub","lifecycle_rule":[],"logging":[],"object_lock_configuration":[],"object_lock_enabled":false,"policy":"","region":"eu-west-2","replication_configuration":[],"request_payer":"BucketOwner","server_side_encryption_configuration":[{"rule":[{"apply_server_side_encryption_by_default":[{"kms_master_key_id":"","sse_algorithm":"AES256"}],"bucket_key_enabled":false}]}],"tags":{},"tags_all":{},"timeouts":null,"versioning":[{"enabled":false,"mfa_delete":false}],"website":[{"error_document":"error.html","index_document":"index.html","redirect_all_requests_to":"","routing_rules":""}],"website_domain":"s3-website.eu-west-2.amazonaws.com","website_endpoint":"keone-dev-1zaab0wzecqr4cub.s3-website.eu-west-2.amazonaws.com"},"sensitive_attributes":[],"private":"eyJlMmJmYjczMC1lY2FhLTExZTYtOGY4OC0zNDM2M2JjN2M0YzAiOnsiY3JlYXRlIjoxMjAwMDAwMDAwMDAwLCJkZWxldGUiOjM2MDAwMDAwMDAwMDAsInJlYWQiOjEyMDAwMDAwMDAwMDAsInVwZGF0ZSI6MTIwMDAwMDAwMDAwMH19"}]},{"mode":"managed","type":"aws_s3_bucket_policy","name":"keone_dev_policy","provider":"provider[\"registry.opentofu.org/hashicorp/aws\"]","instances":[{"schema_version":0,"attributes":{"bucket":"keone-dev-1zaab0wzecqr4cub","id":"keone-dev-1zaab0wzecqr4cub","policy":"{\"Statement\":[{\"Action\":[\"s3:GetObject\"],\"Effect\":\"Allow\",\"Principal\":\"*\",\"Resource\":[\"arn:aws:s3:::keone-dev-1zaab0wzecqr4cub/*\"],\"Sid\":\"PublicReadGetObject\"}],\"Version\":\"2012-10-17\"}"},"sensitive_attributes":[],"private":"bnVsbA==","dependencies":["aws_s3_bucket.keone_dev_bucket"]}]},{"mode":"managed","type":"aws_s3_bucket_public_access_block","name":"keone_dev_public_access_block","provider":"provider[\"registry.opentofu.org/hashicorp/aws\"]","instances":[{"schema_version":0,"attributes":{"block_public_acls":true,"block_public_policy":false,"bucket":"keone-dev-1zaab0wzecqr4cub","id":"keone-dev-1zaab0wzecqr4cub","ignore_public_acls":true,"restrict_public_buckets":false},"sensitive_attributes":[],"private":"bnVsbA==","dependencies":["aws_s3_bucket.keone_dev_bucket"]}]},{"mode":"managed","type":"aws_s3_bucket_website_configuration","name":"keone_dev_website","provider":"provider[\"registry.opentofu.org/hashicorp/aws\"]","instances":[{"schema_version":0,"attributes":{"bucket":"keone-dev-1zaab0wzecqr4cub","error_document":[{"key":"error.html"}],"expected_bucket_owner":"","id":"keone-dev-1zaab0wzecqr4cub","index_document":[{"suffix":"index.html"}],"redirect_all_requests_to":[],"routing_rule":[],"routing_rules":"","website_domain":"s3-website.eu-west-2.amazonaws.com","website_endpoint":"keone-dev-1zaab0wzecqr4cub.s3-website.eu-west-2.amazonaws.com"},"sensitive_attributes":[],"private":"bnVsbA==","dependencies":["aws_s3_bucket.keone_dev_bucket"]}]}],"check_results":null}
