{"version":4,"terraform_version":"1.10.5","serial":4,"lineage":"71066750-5b03-dbc6-c723-c38b5269972c","outputs":{},"resources":[{"mode":"managed","type":"aws_cloudfront_distribution","name":"keone_dev_cloudfront_distribution","provider":"provider[\"registry.opentofu.org/hashicorp/aws\"]","instances":[{"schema_version":1,"attributes":{"aliases":null,"arn":"arn:aws:cloudfront::097723411061:distribution/E3LUOMFFDSVP5Z","caller_reference":"terraform-20250816101554956800000001","comment":"CloudFront distribution for static site","custom_error_response":[],"default_cache_behavior":[{"allowed_methods":["GET","HEAD"],"cache_policy_id":"","cached_methods":["GET","HEAD"],"compress":false,"default_ttl":3600,"field_level_encryption_id":"","forwarded_values":[{"cookies":[{"forward":"none","whitelisted_names":[]}],"headers":[],"query_string":false,"query_string_cache_keys":[]}],"function_association":[],"lambda_function_association":[],"max_ttl":86400,"min_ttl":0,"origin_request_policy_id":"","realtime_log_config_arn":"","response_headers_policy_id":"","smooth_streaming":false,"target_origin_id":"S3-Website-Origin","trusted_key_groups":[],"trusted_signers":[],"viewer_protocol_policy":"redirect-to-https"}],"default_root_object":"index.html","domain_name":"d2f4y8f2nl9xvk.cloudfront.net","enabled":true,"etag":"E3UEKPXE8IVI8L","hosted_zone_id":"Z2FDTNDATAQYW2","http_version":"http2","id":"E3LUOMFFDSVP5Z","in_progress_validation_batches":0,"is_ipv6_enabled":true,"last_modified_time":"2025-08-16 10:15:55.368 +0000 UTC","logging_config":[],"ordered_cache_behavior":[],"origin":[{"connection_attempts":3,"connection_timeout":10,"custom_header":[],"custom_origin_config":[{"http_port":80,"https_port":443,"origin_keepalive_timeout":5,"origin_protocol_policy":"http-only","origin_read_timeout":30,"origin_ssl_protocols":["TLSv1.2"]}],"domain_name":"keone-dev-1zaab0wzecqr4cub.s3-website.eu-west-2.amazonaws.com","origin_access_control_id":"","origin_id":"S3-Website-Origin","origin_path":"","origin_shield":[],"s3_origin_config":[]}],"origin_group":[],"price_class":"PriceClass_All","restrictions":[{"geo_restriction":[{"locations":[],"restriction_type":"none"}]}],"retain_on_delete":false,"status":"Deployed","tags":null,"tags_all":{},"trusted_key_groups":[{"enabled":false,"items":[]}],"trusted_signers":[{"enabled":false,"items":[]}],"viewer_certificate":[{"acm_certificate_arn":"","cloudfront_default_certificate":true,"iam_certificate_id":"","minimum_protocol_version":"TLSv1","ssl_support_method":""}],"wait_for_deployment":true,"web_acl_id":""},"sensitive_attributes":[],"private":"eyJzY2hlbWFfdmVyc2lvbiI6IjEifQ==","dependencies":["aws_s3_bucket.keone_dev_bucket","aws_s3_bucket_website_configuration.keone_dev_website"]}]},{"mode":"managed","type":"aws_iam_openid_connect_provider","name":"github_actions","provider":"provider[\"registry.opentofu.org/hashicorp/aws\"]","instances":[{"schema_version":0,"attributes":{"arn":"arn:aws:iam::097723411061:oidc-provider/token.actions.githubusercontent.com","client_id_list":["sts.amazonaws.com"],"id":"arn:aws:iam::097723411061:oidc-provider/token.actions.githubusercontent.com","tags":null,"tags_all":{},"thumbprint_list":["7560d6f40fa55195f740ee2b1b7c0b4836cbe103"],"url":"token.actions.githubusercontent.com"},"sensitive_attributes":[],"private":"bnVsbA=="}]},{"mode":"managed","type":"aws_iam_policy","name":"keone_dev_cloudfront_s3_invalidation_policy","provider":"provider[\"registry.opentofu.org/hashicorp/aws\"]","instances":[{"schema_version":0,"attributes":{"arn":"arn:aws:iam::097723411061:policy/keone-dev-cloudfront-s3-invalidation-policy","description":"Allows Put, List, Delete S3 objects in keone_dev bucket and CloudFront invalidation","id":"arn:aws:iam::097723411061:policy/keone-dev-cloudfront-s3-invalidation-policy","name":"keone-dev-cloudfront-s3-invalidation-policy","name_prefix":"","path":"/","policy":"{\"Statement\":[{\"Action\":[\"s3:PutObject\",\"s3:ListBucket\",\"s3:DeleteObject\",\"cloudfront:CreateInvalidation\"],\"Effect\":\"Allow\",\"Resource\":[\"arn:aws:cloudfront::097723411061:distribution/E3LUOMFFDSVP5Z\",\"arn:aws:s3:::keone-dev-1zaab0wzecqr4cub/*\",\"arn:aws:s3:::keone-dev-1zaab0wzecqr4cub\"],\"Sid\":\"VisualEditor0\"}],\"Version\":\"2012-10-17\"}","policy_id":"ANPARNQGE5J22MWZDBTYH","tags":null,"tags_all":{}},"sensitive_attributes":[],"private":"bnVsbA==","dependencies":["aws_cloudfront_distribution.keone_dev_cloudfront_distribution","aws_s3_bucket.keone_dev_bucket","aws_s3_bucket_website_configuration.keone_dev_website"]}]},{"mode":"managed","type":"aws_iam_role","name":"keone_dev_site_deployer_role","provider":"provider[\"registry.opentofu.org/hashicorp/aws\"]","instances":[{"schema_version":0,"attributes":{"arn":"arn:aws:iam::097723411061:role/keone-dev-site-deployer-role","assume_role_policy":"{\"Statement\":[{\"Action\":\"sts:AssumeRole\",\"Condition\":{\"StringEquals\":{\"token.actions.githubusercontent.com:aud\":\"sts.amazonaws.com\",\"token.actions.githubusercontent.com:sub\":\"repo:dan-kc/keone.dev:*\"}},\"Effect\":\"Allow\",\"Principal\":{\"Federated\":\"arn:aws:iam::097723411061:oidc-provider/token.actions.githubusercontent.com\"}}],\"Version\":\"2012-10-17\"}","create_date":"2025-08-16T10:15:55Z","description":"","force_detach_policies":false,"id":"keone-dev-site-deployer-role","inline_policy":[],"managed_policy_arns":[],"max_session_duration":3600,"name":"keone-dev-site-deployer-role","name_prefix":"","path":"/","permissions_boundary":null,"role_last_used":[{"last_used_date":"","region":""}],"tags":null,"tags_all":{},"unique_id":"AROARNQGE5J2USOUP6PL2"},"sensitive_attributes":[],"private":"bnVsbA==","dependencies":["aws_iam_openid_connect_provider.github_actions"]}]},{"mode":"managed","type":"aws_iam_role_policy_attachment","name":"attach_deploy_policy_to_role","provider":"provider[\"registry.opentofu.org/hashicorp/aws\"]","instances":[{"schema_version":0,"attributes":{"id":"keone-dev-site-deployer-role-20250816102004035100000002","policy_arn":"arn:aws:iam::097723411061:policy/keone-dev-cloudfront-s3-invalidation-policy","role":"keone-dev-site-deployer-role"},"sensitive_attributes":[],"private":"bnVsbA==","dependencies":["aws_cloudfront_distribution.keone_dev_cloudfront_distribution","aws_iam_openid_connect_provider.github_actions","aws_iam_policy.keone_dev_cloudfront_s3_invalidation_policy","aws_iam_role.keone_dev_site_deployer_role","aws_s3_bucket.keone_dev_bucket","aws_s3_bucket_website_configuration.keone_dev_website"]}]},{"mode":"managed","type":"aws_s3_bucket","name":"keone_dev_bucket","provider":"provider[\"registry.opentofu.org/hashicorp/aws\"]","instances":[{"schema_version":0,"attributes":{"acceleration_status":"","acl":null,"arn":"arn:aws:s3:::keone-dev-1zaab0wzecqr4cub","bucket":"keone-dev-1zaab0wzecqr4cub","bucket_domain_name":"keone-dev-1zaab0wzecqr4cub.s3.amazonaws.com","bucket_prefix":"","bucket_regional_domain_name":"keone-dev-1zaab0wzecqr4cub.s3.eu-west-2.amazonaws.com","cors_rule":[],"force_destroy":false,"grant":[{"id":"4ec366d45ab991813632308341000481007fa81629fc9273c014450bd5611c71","permissions":["FULL_CONTROL"],"type":"CanonicalUser","uri":""}],"hosted_zone_id":"Z3GKZC51ZF0DB4","id":"keone-dev-1zaab0wzecqr4cub","lifecycle_rule":[],"logging":[],"object_lock_configuration":[],"object_lock_enabled":false,"policy":"{\"Statement\":[{\"Action\":\"s3:GetObject\",\"Effect\":\"Allow\",\"Principal\":\"*\",\"Resource\":\"arn:aws:s3:::keone-dev-1zaab0wzecqr4cub/*\",\"Sid\":\"PublicReadGetObject\"}],\"Version\":\"2012-10-17\"}","region":"eu-west-2","replication_configuration":[],"request_payer":"BucketOwner","server_side_encryption_configuration":[{"rule":[{"apply_server_side_encryption_by_default":[{"kms_master_key_id":"","sse_algorithm":"AES256"}],"bucket_key_enabled":false}]}],"tags":{},"tags_all":{},"timeouts":null,"versioning":[{"enabled":false,"mfa_delete":false}],"website":[{"error_document":"error.html","index_document":"index.html","redirect_all_requests_to":"","routing_rules":""}],"website_domain":"s3-website.eu-west-2.amazonaws.com","website_endpoint":"keone-dev-1zaab0wzecqr4cub.s3-website.eu-west-2.amazonaws.com"},"sensitive_attributes":[],"private":"eyJlMmJmYjczMC1lY2FhLTExZTYtOGY4OC0zNDM2M2JjN2M0YzAiOnsiY3JlYXRlIjoxMjAwMDAwMDAwMDAwLCJkZWxldGUiOjM2MDAwMDAwMDAwMDAsInJlYWQiOjEyMDAwMDAwMDAwMDAsInVwZGF0ZSI6MTIwMDAwMDAwMDAwMH19"}]},{"mode":"managed","type":"aws_s3_bucket_policy","name":"keone_dev_policy","provider":"provider[\"registry.opentofu.org/hashicorp/aws\"]","instances":[{"schema_version":0,"attributes":{"bucket":"keone-dev-1zaab0wzecqr4cub","id":"keone-dev-1zaab0wzecqr4cub","policy":"{\"Statement\":[{\"Action\":[\"s3:GetObject\"],\"Effect\":\"Allow\",\"Principal\":\"*\",\"Resource\":[\"arn:aws:s3:::keone-dev-1zaab0wzecqr4cub/*\"],\"Sid\":\"PublicReadGetObject\"}],\"Version\":\"2012-10-17\"}"},"sensitive_attributes":[],"private":"bnVsbA==","dependencies":["aws_s3_bucket.keone_dev_bucket"]}]},{"mode":"managed","type":"aws_s3_bucket_public_access_block","name":"keone_dev_public_access_block","provider":"provider[\"registry.opentofu.org/hashicorp/aws\"]","instances":[{"schema_version":0,"attributes":{"block_public_acls":true,"block_public_policy":false,"bucket":"keone-dev-1zaab0wzecqr4cub","id":"keone-dev-1zaab0wzecqr4cub","ignore_public_acls":true,"restrict_public_buckets":false},"sensitive_attributes":[],"private":"bnVsbA==","dependencies":["aws_s3_bucket.keone_dev_bucket"]}]},{"mode":"managed","type":"aws_s3_bucket_website_configuration","name":"keone_dev_website","provider":"provider[\"registry.opentofu.org/hashicorp/aws\"]","instances":[{"schema_version":0,"attributes":{"bucket":"keone-dev-1zaab0wzecqr4cub","error_document":[{"key":"error.html"}],"expected_bucket_owner":"","id":"keone-dev-1zaab0wzecqr4cub","index_document":[{"suffix":"index.html"}],"redirect_all_requests_to":[],"routing_rule":[],"routing_rules":"","website_domain":"s3-website.eu-west-2.amazonaws.com","website_endpoint":"keone-dev-1zaab0wzecqr4cub.s3-website.eu-west-2.amazonaws.com"},"sensitive_attributes":[],"private":"bnVsbA==","dependencies":["aws_s3_bucket.keone_dev_bucket"]}]}],"check_results":null}
